PODS:
  - Alamofire (5.2.2)
  - CocoaLumberjack/Core (3.6.2)
  - CocoaLumberjack/Swift (3.6.2):
    - CocoaLumberjack/Core
  - Device (3.2.1)
  - DZNEmptyDataSet (1.8.1)
  - IQKeyboardManagerSwift (6.5.6)
  - KakaJSON (1.1.2)
  - KeychainAccess (4.2.0)
  - MBProgressHUD (1.2.0)
  - MJRefresh (3.5.0)
  - Moya (14.0.0):
    - Moya/Core (= 14.0.0)
  - Moya/Core (14.0.0):
    - Alamofire (~> 5.0)
  - R.swift (5.2.2):
    - R.swift.Library (~> 5.2.0)
  - R.swift.Library (5.2.0)
  - SDWebImage (5.9.0):
    - SDWebImage/Core (= 5.9.0)
  - SDWebImage/Core (5.9.0)
  - SnapKit (5.0.1)
  - SwiftLint (0.40.1)
  - "UITextView+Placeholder (1.4.0)"

DEPENDENCIES:
  - CocoaLumberjack/Swift
  - Device
  - DZNEmptyDataSet
  - IQKeyboardManagerSwift
  - KakaJSON
  - KeychainAccess
  - MBProgressHUD
  - MJRefresh
  - Moya
  - R.swift
  - SDWebImage
  - SnapKit
  - SwiftLint
  - "UITextView+Placeholder"

SPEC REPOS:
  trunk:
    - Alamofire
    - CocoaLumberjack
    - Device
    - DZNEmptyDataSet
    - IQKeyboardManagerSwift
    - KakaJSON
    - KeychainAccess
    - MBProgressHUD
    - MJRefresh
    - Moya
    - R.swift
    - R.swift.Library
    - SDWebImage
    - SnapKit
    - SwiftLint
    - "UITextView+Placeholder"

SPEC CHECKSUMS:
  Alamofire: 814429acc853c6c54ff123fc3d2ef66803823ce0
  CocoaLumberjack: bd155f2dd06c0e0b03f876f7a3ee55693122ec94
  Device: 0738862dd8a30856b4bd9e21cb9b728873d21392
  DZNEmptyDataSet: 9525833b9e68ac21c30253e1d3d7076cc828eaa7
  IQKeyboardManagerSwift: c7df9d2deb356c04522f5c4b7b6e4ce4d8ed94fe
  KakaJSON: cc5ff50a8c1cfbb09413db8496cb709a209e6137
  KeychainAccess: 3f760109aa99b05d0f231e28b22642da7153e38a
  MBProgressHUD: 3ee5efcc380f6a79a7cc9b363dd669c5e1ae7406
  MJRefresh: 6afc955813966afb08305477dd7a0d9ad5e79a16
  Moya: 5b45dacb75adb009f97fde91c204c1e565d31916
  R.swift: 7c52cdc57a66840ffe6cbd8a823d732059d42a32
  R.swift.Library: 5ba4f1631300caf9a4d890186930da85d540769d
  SDWebImage: 62ae4a18473520c67b79e9724c31a63599cc9423
  SnapKit: 97b92857e3df3a0c71833cce143274bf6ef8e5eb
  SwiftLint: bbfed21bf4451dcbd0f5cdbee44a18e06cf91b12
  "UITextView+Placeholder": d7b0c400921f66523f3a85d74f774512e14f6502

PODFILE CHECKSUM: e5099b477ca22f20c4ab3e3ba2ea36d110807eb3

COCOAPODS: 1.9.3
