// !$*UTF8*$!
{
	archiveVersion = 1;
	classes = {
	};
	objectVersion = 51;
	objects = {

/* Begin PBXBuildFile section */
		151CD38B24F7640B006F3D9C /* Configs.swift in Sources */ = {isa = PBXBuildFile; fileRef = 151CD38A24F7625D006F3D9C /* Configs.swift */; };
		151CD3ED24F76E67006F3D9C /* PlainTableView.swift in Sources */ = {isa = PBXBuildFile; fileRef = 151CD3EC24F76E67006F3D9C /* PlainTableView.swift */; };
		151CD3F224F7A8B1006F3D9C /* User.swift in Sources */ = {isa = PBXBuildFile; fileRef = 151CD3F124F7A8B1006F3D9C /* User.swift */; };
		151CD3F424F7AC46006F3D9C /* LogManager.swift in Sources */ = {isa = PBXBuildFile; fileRef = 151CD3F324F7AC46006F3D9C /* LogManager.swift */; };
		151CD3F624F7ACA6006F3D9C /* AuthManager.swift in Sources */ = {isa = PBXBuildFile; fileRef = 151CD3F524F7ACA6006F3D9C /* AuthManager.swift */; };
		151CD40824F8AF7B006F3D9C /* NetworkConfig.swift in Sources */ = {isa = PBXBuildFile; fileRef = 151CD40724F8AF7B006F3D9C /* NetworkConfig.swift */; };
		151CD40A24F8AFA4006F3D9C /* AccountApi.swift in Sources */ = {isa = PBXBuildFile; fileRef = 151CD40924F8AFA4006F3D9C /* AccountApi.swift */; };
		1565745124F7162F00D10FD3 /* AppDelegate.swift in Sources */ = {isa = PBXBuildFile; fileRef = 1565745024F7162F00D10FD3 /* AppDelegate.swift */; };
		1565745324F7162F00D10FD3 /* SceneDelegate.swift in Sources */ = {isa = PBXBuildFile; fileRef = 1565745224F7162F00D10FD3 /* SceneDelegate.swift */; };
		1565745824F7162F00D10FD3 /* Main.storyboard in Resources */ = {isa = PBXBuildFile; fileRef = 1565745624F7162F00D10FD3 /* Main.storyboard */; };
		1565745A24F7163200D10FD3 /* Assets.xcassets in Resources */ = {isa = PBXBuildFile; fileRef = 1565745924F7163200D10FD3 /* Assets.xcassets */; };
		1565745D24F7163200D10FD3 /* LaunchScreen.storyboard in Resources */ = {isa = PBXBuildFile; fileRef = 1565745B24F7163200D10FD3 /* LaunchScreen.storyboard */; };
		1565746824F7163200D10FD3 /* DemoTests.swift in Sources */ = {isa = PBXBuildFile; fileRef = 1565746724F7163200D10FD3 /* DemoTests.swift */; };
		1565747324F7163200D10FD3 /* DemoUITests.swift in Sources */ = {isa = PBXBuildFile; fileRef = 1565747224F7163200D10FD3 /* DemoUITests.swift */; };
		1565748324F7238300D10FD3 /* Application.swift in Sources */ = {isa = PBXBuildFile; fileRef = 1565748224F7238300D10FD3 /* Application.swift */; };
		1565748724F725F000D10FD3 /* LibManager.swift in Sources */ = {isa = PBXBuildFile; fileRef = 1565748624F725F000D10FD3 /* LibManager.swift */; };
		1565748A24F72E4A00D10FD3 /* R.generated.swift in Sources */ = {isa = PBXBuildFile; fileRef = 1565748924F72E4A00D10FD3 /* R.generated.swift */; };
		1565748D24F74D7900D10FD3 /* AppDelegate+Push.swift in Sources */ = {isa = PBXBuildFile; fileRef = 1565748C24F74D7900D10FD3 /* AppDelegate+Push.swift */; };
		1565749124F7599600D10FD3 /* Localization.strings in Resources */ = {isa = PBXBuildFile; fileRef = 1565749024F7599600D10FD3 /* Localization.strings */; };
		15E95C3124FB4E6E00F6576B /* HomeViewController.swift in Sources */ = {isa = PBXBuildFile; fileRef = 15E95C3024FB4E6E00F6576B /* HomeViewController.swift */; };
		15EDE7B9250A235D0065ED37 /* UIView+Exts.swift in Sources */ = {isa = PBXBuildFile; fileRef = 15EDE7B1250A23230065ED37 /* UIView+Exts.swift */; };
		15EDE7BA250A235D0065ED37 /* UIView+Gesture.swift in Sources */ = {isa = PBXBuildFile; fileRef = 15EDE7B2250A23230065ED37 /* UIView+Gesture.swift */; };
		15EDE7BB250A235D0065ED37 /* BlockPan.swift in Sources */ = {isa = PBXBuildFile; fileRef = 15EDE7B4250A23230065ED37 /* BlockPan.swift */; };
		15EDE7BC250A235D0065ED37 /* BlockPinch.swift in Sources */ = {isa = PBXBuildFile; fileRef = 15EDE7B5250A23230065ED37 /* BlockPinch.swift */; };
		15EDE7BD250A235D0065ED37 /* BlockButton.swift in Sources */ = {isa = PBXBuildFile; fileRef = 15EDE7B6250A23230065ED37 /* BlockButton.swift */; };
		15EDE7BE250A235D0065ED37 /* BlockTap.swift in Sources */ = {isa = PBXBuildFile; fileRef = 15EDE7B7250A23230065ED37 /* BlockTap.swift */; };
		15EDE7BF250A235D0065ED37 /* BlockLongPress.swift in Sources */ = {isa = PBXBuildFile; fileRef = 15EDE7B8250A23230065ED37 /* BlockLongPress.swift */; };
		1D531029EF03D09633A352EF /* Pods_Demo_DemoUITests.framework in Frameworks */ = {isa = PBXBuildFile; fileRef = 435BF7211F6E6D22B8D4FB4E /* Pods_Demo_DemoUITests.framework */; };
		37A6E0AF97207EE230641ED9 /* Pods_DemoTests.framework in Frameworks */ = {isa = PBXBuildFile; fileRef = AB2F76871EE5F27085488500 /* Pods_DemoTests.framework */; };
		57038A6D252D4DB300B54DA9 /* String+Exts.swift in Sources */ = {isa = PBXBuildFile; fileRef = 57038A6C252D4DB300B54DA9 /* String+Exts.swift */; };
		57038A77252D4DD700B54DA9 /* LocationManager.swift in Sources */ = {isa = PBXBuildFile; fileRef = 57038A76252D4DD700B54DA9 /* LocationManager.swift */; };
		57038A7C252D4DE400B54DA9 /* CameraManager.swift in Sources */ = {isa = PBXBuildFile; fileRef = 57038A7B252D4DE400B54DA9 /* CameraManager.swift */; };
		57038A84252D505000B54DA9 /* UIApplication+Exts.swift in Sources */ = {isa = PBXBuildFile; fileRef = 57038A83252D505000B54DA9 /* UIApplication+Exts.swift */; };
		57038A8C252D50E600B54DA9 /* Timer.swift in Sources */ = {isa = PBXBuildFile; fileRef = 57038A8B252D50E600B54DA9 /* Timer.swift */; };
		57038AB0252D6BA900B54DA9 /* UIImage+Exts.swift in Sources */ = {isa = PBXBuildFile; fileRef = 57038AAF252D6BA900B54DA9 /* UIImage+Exts.swift */; };
		57038AE0252E4BC100B54DA9 /* UIView+Animation.swift in Sources */ = {isa = PBXBuildFile; fileRef = 57038ADF252E4BC100B54DA9 /* UIView+Animation.swift */; };
		57038AEB252E548E00B54DA9 /* UIImage+Bitmap.swift in Sources */ = {isa = PBXBuildFile; fileRef = 57038AEA252E548E00B54DA9 /* UIImage+Bitmap.swift */; };
		57038B1C252E742F00B54DA9 /* MemoryLayout.swift in Sources */ = {isa = PBXBuildFile; fileRef = 57038B1B252E742F00B54DA9 /* MemoryLayout.swift */; };
		DE0F2744257CD74B00D6E03F /* AnalyticsManager.swift in Sources */ = {isa = PBXBuildFile; fileRef = DE0F2743257CD74B00D6E03F /* AnalyticsManager.swift */; };
		DE0F281E257CDAF100D6E03F /* Reachability.swift in Sources */ = {isa = PBXBuildFile; fileRef = DE0F281D257CDAF100D6E03F /* Reachability.swift */; };
		DE0F282B257CDBC500D6E03F /* WhatsNewManager.swift in Sources */ = {isa = PBXBuildFile; fileRef = DE0F282A257CDBC500D6E03F /* WhatsNewManager.swift */; };
		DE5BA00B256D0DBC00702A98 /* loadContent.swift in Sources */ = {isa = PBXBuildFile; fileRef = DE5BA00A256D0DBC00702A98 /* loadContent.swift */; };
		DE5BA3F1256E480400702A98 /* Debug.swift in Sources */ = {isa = PBXBuildFile; fileRef = DE5BA3F0256E480400702A98 /* Debug.swift */; };
		DE794D30256B3887005F0E2D /* DataRepository.swift in Sources */ = {isa = PBXBuildFile; fileRef = DE794D2F256B3887005F0E2D /* DataRepository.swift */; };
		DE794D37256B3B9E005F0E2D /* RootTabBarViewController.swift in Sources */ = {isa = PBXBuildFile; fileRef = DE794D36256B3B9E005F0E2D /* RootTabBarViewController.swift */; };
		DE794D3F256B3C23005F0E2D /* ProfileViewController.swift in Sources */ = {isa = PBXBuildFile; fileRef = DE794D3E256B3C23005F0E2D /* ProfileViewController.swift */; };
		DE794D45256B3C56005F0E2D /* ViewModel.swift in Sources */ = {isa = PBXBuildFile; fileRef = DE794D44256B3C56005F0E2D /* ViewModel.swift */; };
		DE794D4E256B3F84005F0E2D /* LoginViewController.swift in Sources */ = {isa = PBXBuildFile; fileRef = DE794D4D256B3F84005F0E2D /* LoginViewController.swift */; };
		DE794D56256B3FA9005F0E2D /* ProfileViewModel.swift in Sources */ = {isa = PBXBuildFile; fileRef = DE794D55256B3FA9005F0E2D /* ProfileViewModel.swift */; };
		DE794D5E256B3FEA005F0E2D /* LoginViewModel.swift in Sources */ = {isa = PBXBuildFile; fileRef = DE794D5D256B3FEA005F0E2D /* LoginViewModel.swift */; };
		DE794D63256B4023005F0E2D /* RootTabBarViewModel.swift in Sources */ = {isa = PBXBuildFile; fileRef = DE794D62256B4023005F0E2D /* RootTabBarViewModel.swift */; };
		DE794D68256B402E005F0E2D /* HomeViewModel.swift in Sources */ = {isa = PBXBuildFile; fileRef = DE794D67256B402E005F0E2D /* HomeViewModel.swift */; };
		DE794D6D256B487B005F0E2D /* ViewController.swift in Sources */ = {isa = PBXBuildFile; fileRef = DE794D6C256B487B005F0E2D /* ViewController.swift */; };
		DE8B53952575FFB7001E80E9 /* HomeApi.swift in Sources */ = {isa = PBXBuildFile; fileRef = DE8B53942575FFB7001E80E9 /* HomeApi.swift */; };
		DE8B53A325760E6D001E80E9 /* HomeService.swift in Sources */ = {isa = PBXBuildFile; fileRef = DE8B53A225760E6D001E80E9 /* HomeService.swift */; };
		DEE2CE50256B4FE700C91450 /* ViewController+HUD.swift in Sources */ = {isa = PBXBuildFile; fileRef = DEE2CE4F256B4FE700C91450 /* ViewController+HUD.swift */; };
		DEE2CE58256B501B00C91450 /* ViewController+HUD+Rx.swift in Sources */ = {isa = PBXBuildFile; fileRef = DEE2CE57256B501B00C91450 /* ViewController+HUD+Rx.swift */; };
		DEE2CE5E256B6C9E00C91450 /* ErrorResolvable.swift in Sources */ = {isa = PBXBuildFile; fileRef = DEE2CE5D256B6C9E00C91450 /* ErrorResolvable.swift */; };
		DEE2CEEA256B97C200C91450 /* Colors.xcassets in Resources */ = {isa = PBXBuildFile; fileRef = DEE2CEE9256B97C200C91450 /* Colors.xcassets */; };
		DEF855C52574DADC006FD339 /* PHPhotoLibrary+Rx.swift in Sources */ = {isa = PBXBuildFile; fileRef = DEF855C42574DADC006FD339 /* PHPhotoLibrary+Rx.swift */; };
		DEF855CA2574DBC5006FD339 /* UIVIewController+Rx.swift in Sources */ = {isa = PBXBuildFile; fileRef = DEF855C92574DBC5006FD339 /* UIVIewController+Rx.swift */; };
		FEB9DD5A066E40171EAB03DC /* Pods_Demo.framework in Frameworks */ = {isa = PBXBuildFile; fileRef = DAD363C49654FFEE7FADB3A5 /* Pods_Demo.framework */; };
/* End PBXBuildFile section */

/* Begin PBXContainerItemProxy section */
		1565746424F7163200D10FD3 /* PBXContainerItemProxy */ = {
			isa = PBXContainerItemProxy;
			containerPortal = 1565744524F7162F00D10FD3 /* Project object */;
			proxyType = 1;
			remoteGlobalIDString = 1565744C24F7162F00D10FD3;
			remoteInfo = Demo;
		};
		1565746F24F7163200D10FD3 /* PBXContainerItemProxy */ = {
			isa = PBXContainerItemProxy;
			containerPortal = 1565744524F7162F00D10FD3 /* Project object */;
			proxyType = 1;
			remoteGlobalIDString = 1565744C24F7162F00D10FD3;
			remoteInfo = Demo;
		};
/* End PBXContainerItemProxy section */

/* Begin PBXFileReference section */
		151CD38724F7625D006F3D9C /* Debug.xcconfig */ = {isa = PBXFileReference; lastKnownFileType = text.xcconfig; path = Debug.xcconfig; sourceTree = "<group>"; };
		151CD38924F7625D006F3D9C /* Release.xcconfig */ = {isa = PBXFileReference; lastKnownFileType = text.xcconfig; path = Release.xcconfig; sourceTree = "<group>"; };
		151CD38A24F7625D006F3D9C /* Configs.swift */ = {isa = PBXFileReference; lastKnownFileType = sourcecode.swift; path = Configs.swift; sourceTree = "<group>"; };
		151CD3EC24F76E67006F3D9C /* PlainTableView.swift */ = {isa = PBXFileReference; lastKnownFileType = sourcecode.swift; path = PlainTableView.swift; sourceTree = "<group>"; };
		151CD3F124F7A8B1006F3D9C /* User.swift */ = {isa = PBXFileReference; lastKnownFileType = sourcecode.swift; path = User.swift; sourceTree = "<group>"; };
		151CD3F324F7AC46006F3D9C /* LogManager.swift */ = {isa = PBXFileReference; lastKnownFileType = sourcecode.swift; path = LogManager.swift; sourceTree = "<group>"; };
		151CD3F524F7ACA6006F3D9C /* AuthManager.swift */ = {isa = PBXFileReference; lastKnownFileType = sourcecode.swift; path = AuthManager.swift; sourceTree = "<group>"; };
		151CD40724F8AF7B006F3D9C /* NetworkConfig.swift */ = {isa = PBXFileReference; lastKnownFileType = sourcecode.swift; path = NetworkConfig.swift; sourceTree = "<group>"; };
		151CD40924F8AFA4006F3D9C /* AccountApi.swift */ = {isa = PBXFileReference; lastKnownFileType = sourcecode.swift; path = AccountApi.swift; sourceTree = "<group>"; };
		1565744D24F7162F00D10FD3 /* Demo.app */ = {isa = PBXFileReference; explicitFileType = wrapper.application; includeInIndex = 0; path = Demo.app; sourceTree = BUILT_PRODUCTS_DIR; };
		1565745024F7162F00D10FD3 /* AppDelegate.swift */ = {isa = PBXFileReference; lastKnownFileType = sourcecode.swift; path = AppDelegate.swift; sourceTree = "<group>"; };
		1565745224F7162F00D10FD3 /* SceneDelegate.swift */ = {isa = PBXFileReference; lastKnownFileType = sourcecode.swift; path = SceneDelegate.swift; sourceTree = "<group>"; };
		1565745724F7162F00D10FD3 /* Base */ = {isa = PBXFileReference; lastKnownFileType = file.storyboard; name = Base; path = Base.lproj/Main.storyboard; sourceTree = "<group>"; };
		1565745924F7163200D10FD3 /* Assets.xcassets */ = {isa = PBXFileReference; lastKnownFileType = folder.assetcatalog; path = Assets.xcassets; sourceTree = "<group>"; };
		1565745C24F7163200D10FD3 /* Base */ = {isa = PBXFileReference; lastKnownFileType = file.storyboard; name = Base; path = Base.lproj/LaunchScreen.storyboard; sourceTree = "<group>"; };
		1565745E24F7163200D10FD3 /* Info.plist */ = {isa = PBXFileReference; lastKnownFileType = text.plist.xml; path = Info.plist; sourceTree = "<group>"; };
		1565746324F7163200D10FD3 /* DemoTests.xctest */ = {isa = PBXFileReference; explicitFileType = wrapper.cfbundle; includeInIndex = 0; path = DemoTests.xctest; sourceTree = BUILT_PRODUCTS_DIR; };
		1565746724F7163200D10FD3 /* DemoTests.swift */ = {isa = PBXFileReference; lastKnownFileType = sourcecode.swift; path = DemoTests.swift; sourceTree = "<group>"; };
		1565746924F7163200D10FD3 /* Info.plist */ = {isa = PBXFileReference; lastKnownFileType = text.plist.xml; path = Info.plist; sourceTree = "<group>"; };
		1565746E24F7163200D10FD3 /* DemoUITests.xctest */ = {isa = PBXFileReference; explicitFileType = wrapper.cfbundle; includeInIndex = 0; path = DemoUITests.xctest; sourceTree = BUILT_PRODUCTS_DIR; };
		1565747224F7163200D10FD3 /* DemoUITests.swift */ = {isa = PBXFileReference; lastKnownFileType = sourcecode.swift; path = DemoUITests.swift; sourceTree = "<group>"; };
		1565747424F7163200D10FD3 /* Info.plist */ = {isa = PBXFileReference; lastKnownFileType = text.plist.xml; path = Info.plist; sourceTree = "<group>"; };
		1565748224F7238300D10FD3 /* Application.swift */ = {isa = PBXFileReference; lastKnownFileType = sourcecode.swift; path = Application.swift; sourceTree = "<group>"; };
		1565748624F725F000D10FD3 /* LibManager.swift */ = {isa = PBXFileReference; lastKnownFileType = sourcecode.swift; path = LibManager.swift; sourceTree = "<group>"; };
		1565748924F72E4A00D10FD3 /* R.generated.swift */ = {isa = PBXFileReference; fileEncoding = 4; lastKnownFileType = sourcecode.swift; path = R.generated.swift; sourceTree = SOURCE_ROOT; };
		1565748C24F74D7900D10FD3 /* AppDelegate+Push.swift */ = {isa = PBXFileReference; lastKnownFileType = sourcecode.swift; path = "AppDelegate+Push.swift"; sourceTree = "<group>"; };
		1565749024F7599600D10FD3 /* Localization.strings */ = {isa = PBXFileReference; lastKnownFileType = text.plist.strings; path = Localization.strings; sourceTree = "<group>"; };
		15E95C3024FB4E6E00F6576B /* HomeViewController.swift */ = {isa = PBXFileReference; lastKnownFileType = sourcecode.swift; path = HomeViewController.swift; sourceTree = "<group>"; };
		15EDE7B1250A23230065ED37 /* UIView+Exts.swift */ = {isa = PBXFileReference; lastKnownFileType = sourcecode.swift; path = "UIView+Exts.swift"; sourceTree = "<group>"; };
		15EDE7B2250A23230065ED37 /* UIView+Gesture.swift */ = {isa = PBXFileReference; lastKnownFileType = sourcecode.swift; path = "UIView+Gesture.swift"; sourceTree = "<group>"; };
		15EDE7B4250A23230065ED37 /* BlockPan.swift */ = {isa = PBXFileReference; lastKnownFileType = sourcecode.swift; path = BlockPan.swift; sourceTree = "<group>"; };
		15EDE7B5250A23230065ED37 /* BlockPinch.swift */ = {isa = PBXFileReference; lastKnownFileType = sourcecode.swift; path = BlockPinch.swift; sourceTree = "<group>"; };
		15EDE7B6250A23230065ED37 /* BlockButton.swift */ = {isa = PBXFileReference; lastKnownFileType = sourcecode.swift; path = BlockButton.swift; sourceTree = "<group>"; };
		15EDE7B7250A23230065ED37 /* BlockTap.swift */ = {isa = PBXFileReference; lastKnownFileType = sourcecode.swift; path = BlockTap.swift; sourceTree = "<group>"; };
		15EDE7B8250A23230065ED37 /* BlockLongPress.swift */ = {isa = PBXFileReference; lastKnownFileType = sourcecode.swift; path = BlockLongPress.swift; sourceTree = "<group>"; };
		24A105454C24AF2F6A86A007 /* Pods-Demo-DemoUITests.release.xcconfig */ = {isa = PBXFileReference; includeInIndex = 1; lastKnownFileType = text.xcconfig; name = "Pods-Demo-DemoUITests.release.xcconfig"; path = "Target Support Files/Pods-Demo-DemoUITests/Pods-Demo-DemoUITests.release.xcconfig"; sourceTree = "<group>"; };
		2B160DAA6D21911C2DD7E669 /* Pods-Demo.debug.xcconfig */ = {isa = PBXFileReference; includeInIndex = 1; lastKnownFileType = text.xcconfig; name = "Pods-Demo.debug.xcconfig"; path = "Target Support Files/Pods-Demo/Pods-Demo.debug.xcconfig"; sourceTree = "<group>"; };
		3AC30393A66263B92695F99F /* Pods-DemoTests.debug.xcconfig */ = {isa = PBXFileReference; includeInIndex = 1; lastKnownFileType = text.xcconfig; name = "Pods-DemoTests.debug.xcconfig"; path = "Target Support Files/Pods-DemoTests/Pods-DemoTests.debug.xcconfig"; sourceTree = "<group>"; };
		435BF7211F6E6D22B8D4FB4E /* Pods_Demo_DemoUITests.framework */ = {isa = PBXFileReference; explicitFileType = wrapper.framework; includeInIndex = 0; path = Pods_Demo_DemoUITests.framework; sourceTree = BUILT_PRODUCTS_DIR; };
		57038A6C252D4DB300B54DA9 /* String+Exts.swift */ = {isa = PBXFileReference; lastKnownFileType = sourcecode.swift; path = "String+Exts.swift"; sourceTree = "<group>"; };
		57038A76252D4DD700B54DA9 /* LocationManager.swift */ = {isa = PBXFileReference; lastKnownFileType = sourcecode.swift; path = LocationManager.swift; sourceTree = "<group>"; };
		57038A7B252D4DE400B54DA9 /* CameraManager.swift */ = {isa = PBXFileReference; lastKnownFileType = sourcecode.swift; path = CameraManager.swift; sourceTree = "<group>"; };
		57038A83252D505000B54DA9 /* UIApplication+Exts.swift */ = {isa = PBXFileReference; lastKnownFileType = sourcecode.swift; path = "UIApplication+Exts.swift"; sourceTree = "<group>"; };
		57038A8B252D50E600B54DA9 /* Timer.swift */ = {isa = PBXFileReference; lastKnownFileType = sourcecode.swift; path = Timer.swift; sourceTree = "<group>"; };
		57038AAF252D6BA900B54DA9 /* UIImage+Exts.swift */ = {isa = PBXFileReference; lastKnownFileType = sourcecode.swift; path = "UIImage+Exts.swift"; sourceTree = "<group>"; };
		57038ADF252E4BC100B54DA9 /* UIView+Animation.swift */ = {isa = PBXFileReference; lastKnownFileType = sourcecode.swift; path = "UIView+Animation.swift"; sourceTree = "<group>"; };
		57038AEA252E548E00B54DA9 /* UIImage+Bitmap.swift */ = {isa = PBXFileReference; lastKnownFileType = sourcecode.swift; path = "UIImage+Bitmap.swift"; sourceTree = "<group>"; };
		57038B1B252E742F00B54DA9 /* MemoryLayout.swift */ = {isa = PBXFileReference; lastKnownFileType = sourcecode.swift; path = MemoryLayout.swift; sourceTree = "<group>"; };
		AB2F76871EE5F27085488500 /* Pods_DemoTests.framework */ = {isa = PBXFileReference; explicitFileType = wrapper.framework; includeInIndex = 0; path = Pods_DemoTests.framework; sourceTree = BUILT_PRODUCTS_DIR; };
		CDC38181A3CB97C2DE41899F /* Pods-Demo-DemoUITests.debug.xcconfig */ = {isa = PBXFileReference; includeInIndex = 1; lastKnownFileType = text.xcconfig; name = "Pods-Demo-DemoUITests.debug.xcconfig"; path = "Target Support Files/Pods-Demo-DemoUITests/Pods-Demo-DemoUITests.debug.xcconfig"; sourceTree = "<group>"; };
		D01BC357EA74367D633D2E6F /* Pods-DemoTests.release.xcconfig */ = {isa = PBXFileReference; includeInIndex = 1; lastKnownFileType = text.xcconfig; name = "Pods-DemoTests.release.xcconfig"; path = "Target Support Files/Pods-DemoTests/Pods-DemoTests.release.xcconfig"; sourceTree = "<group>"; };
		DAD363C49654FFEE7FADB3A5 /* Pods_Demo.framework */ = {isa = PBXFileReference; explicitFileType = wrapper.framework; includeInIndex = 0; path = Pods_Demo.framework; sourceTree = BUILT_PRODUCTS_DIR; };
		DE0F2743257CD74B00D6E03F /* AnalyticsManager.swift */ = {isa = PBXFileReference; lastKnownFileType = sourcecode.swift; path = AnalyticsManager.swift; sourceTree = "<group>"; };
		DE0F281D257CDAF100D6E03F /* Reachability.swift */ = {isa = PBXFileReference; lastKnownFileType = sourcecode.swift; path = Reachability.swift; sourceTree = "<group>"; };
		DE0F282A257CDBC500D6E03F /* WhatsNewManager.swift */ = {isa = PBXFileReference; lastKnownFileType = sourcecode.swift; path = WhatsNewManager.swift; sourceTree = "<group>"; };
		DE5BA00A256D0DBC00702A98 /* loadContent.swift */ = {isa = PBXFileReference; lastKnownFileType = sourcecode.swift; path = loadContent.swift; sourceTree = "<group>"; };
		DE5BA3F0256E480400702A98 /* Debug.swift */ = {isa = PBXFileReference; lastKnownFileType = sourcecode.swift; path = Debug.swift; sourceTree = "<group>"; };
		DE794D2F256B3887005F0E2D /* DataRepository.swift */ = {isa = PBXFileReference; lastKnownFileType = sourcecode.swift; path = DataRepository.swift; sourceTree = "<group>"; };
		DE794D36256B3B9E005F0E2D /* RootTabBarViewController.swift */ = {isa = PBXFileReference; lastKnownFileType = sourcecode.swift; path = RootTabBarViewController.swift; sourceTree = "<group>"; };
		DE794D3E256B3C23005F0E2D /* ProfileViewController.swift */ = {isa = PBXFileReference; lastKnownFileType = sourcecode.swift; path = ProfileViewController.swift; sourceTree = "<group>"; };
		DE794D44256B3C56005F0E2D /* ViewModel.swift */ = {isa = PBXFileReference; lastKnownFileType = sourcecode.swift; path = ViewModel.swift; sourceTree = "<group>"; };
		DE794D4D256B3F84005F0E2D /* LoginViewController.swift */ = {isa = PBXFileReference; lastKnownFileType = sourcecode.swift; path = LoginViewController.swift; sourceTree = "<group>"; };
		DE794D55256B3FA9005F0E2D /* ProfileViewModel.swift */ = {isa = PBXFileReference; lastKnownFileType = sourcecode.swift; path = ProfileViewModel.swift; sourceTree = "<group>"; };
		DE794D5D256B3FEA005F0E2D /* LoginViewModel.swift */ = {isa = PBXFileReference; lastKnownFileType = sourcecode.swift; path = LoginViewModel.swift; sourceTree = "<group>"; };
		DE794D62256B4023005F0E2D /* RootTabBarViewModel.swift */ = {isa = PBXFileReference; lastKnownFileType = sourcecode.swift; path = RootTabBarViewModel.swift; sourceTree = "<group>"; };
		DE794D67256B402E005F0E2D /* HomeViewModel.swift */ = {isa = PBXFileReference; lastKnownFileType = sourcecode.swift; path = HomeViewModel.swift; sourceTree = "<group>"; };
		DE794D6C256B487B005F0E2D /* ViewController.swift */ = {isa = PBXFileReference; lastKnownFileType = sourcecode.swift; name = ViewController.swift; path = ../Common/Model/ViewController.swift; sourceTree = "<group>"; };
		DE8B53942575FFB7001E80E9 /* HomeApi.swift */ = {isa = PBXFileReference; lastKnownFileType = sourcecode.swift; path = HomeApi.swift; sourceTree = "<group>"; };
		DE8B53A225760E6D001E80E9 /* HomeService.swift */ = {isa = PBXFileReference; lastKnownFileType = sourcecode.swift; path = HomeService.swift; sourceTree = "<group>"; };
		DEE2CE4F256B4FE700C91450 /* ViewController+HUD.swift */ = {isa = PBXFileReference; lastKnownFileType = sourcecode.swift; path = "ViewController+HUD.swift"; sourceTree = "<group>"; };
		DEE2CE57256B501B00C91450 /* ViewController+HUD+Rx.swift */ = {isa = PBXFileReference; lastKnownFileType = sourcecode.swift; path = "ViewController+HUD+Rx.swift"; sourceTree = "<group>"; };
		DEE2CE5D256B6C9E00C91450 /* ErrorResolvable.swift */ = {isa = PBXFileReference; lastKnownFileType = sourcecode.swift; path = ErrorResolvable.swift; sourceTree = "<group>"; };
		DEE2CEE9256B97C200C91450 /* Colors.xcassets */ = {isa = PBXFileReference; lastKnownFileType = folder.assetcatalog; path = Colors.xcassets; sourceTree = "<group>"; };
		DEF855C42574DADC006FD339 /* PHPhotoLibrary+Rx.swift */ = {isa = PBXFileReference; lastKnownFileType = sourcecode.swift; path = "PHPhotoLibrary+Rx.swift"; sourceTree = "<group>"; };
		DEF855C92574DBC5006FD339 /* UIVIewController+Rx.swift */ = {isa = PBXFileReference; lastKnownFileType = sourcecode.swift; path = "UIVIewController+Rx.swift"; sourceTree = "<group>"; };
		FE92BE2720EE42F243BD2C4F /* Pods-Demo.release.xcconfig */ = {isa = PBXFileReference; includeInIndex = 1; lastKnownFileType = text.xcconfig; name = "Pods-Demo.release.xcconfig"; path = "Target Support Files/Pods-Demo/Pods-Demo.release.xcconfig"; sourceTree = "<group>"; };
/* End PBXFileReference section */

/* Begin PBXFrameworksBuildPhase section */
		1565744A24F7162F00D10FD3 /* Frameworks */ = {
			isa = PBXFrameworksBuildPhase;
			buildActionMask = 2147483647;
			files = (
				FEB9DD5A066E40171EAB03DC /* Pods_Demo.framework in Frameworks */,
			);
			runOnlyForDeploymentPostprocessing = 0;
		};
		1565746024F7163200D10FD3 /* Frameworks */ = {
			isa = PBXFrameworksBuildPhase;
			buildActionMask = 2147483647;
			files = (
				37A6E0AF97207EE230641ED9 /* Pods_DemoTests.framework in Frameworks */,
			);
			runOnlyForDeploymentPostprocessing = 0;
		};
		1565746B24F7163200D10FD3 /* Frameworks */ = {
			isa = PBXFrameworksBuildPhase;
			buildActionMask = 2147483647;
			files = (
				1D531029EF03D09633A352EF /* Pods_Demo_DemoUITests.framework in Frameworks */,
			);
			runOnlyForDeploymentPostprocessing = 0;
		};
/* End PBXFrameworksBuildPhase section */

/* Begin PBXGroup section */
		151CD38624F76230006F3D9C /* Configs */ = {
			isa = PBXGroup;
			children = (
				151CD38724F7625D006F3D9C /* Debug.xcconfig */,
				151CD38924F7625D006F3D9C /* Release.xcconfig */,
				151CD38A24F7625D006F3D9C /* Configs.swift */,
			);
			path = Configs;
			sourceTree = "<group>";
		};
		151CD3EE24F77929006F3D9C /* Networking */ = {
			isa = PBXGroup;
			children = (
				151CD40B24F8B4D7006F3D9C /* Endpoint */,
				151CD40724F8AF7B006F3D9C /* NetworkConfig.swift */,
				DE794D2F256B3887005F0E2D /* DataRepository.swift */,
			);
			path = Networking;
			sourceTree = "<group>";
		};
		151CD3F724F7B146006F3D9C /* Model */ = {
			isa = PBXGroup;
			children = (
				151CD3F124F7A8B1006F3D9C /* User.swift */,
			);
			path = Model;
			sourceTree = "<group>";
		};
		151CD40B24F8B4D7006F3D9C /* Endpoint */ = {
			isa = PBXGroup;
			children = (
				151CD40924F8AFA4006F3D9C /* AccountApi.swift */,
			);
			path = Endpoint;
			sourceTree = "<group>";
		};
		1565744424F7162F00D10FD3 = {
			isa = PBXGroup;
			children = (
				1565744F24F7162F00D10FD3 /* Demo */,
				1565746624F7163200D10FD3 /* DemoTests */,
				1565747124F7163200D10FD3 /* DemoUITests */,
				1565744E24F7162F00D10FD3 /* Products */,
				2E6532B4E74104FA63DACBFA /* Pods */,
				6DEB821D7B7452C6AC7C2AD8 /* Frameworks */,
			);
			sourceTree = "<group>";
		};
		1565744E24F7162F00D10FD3 /* Products */ = {
			isa = PBXGroup;
			children = (
				1565744D24F7162F00D10FD3 /* Demo.app */,
				1565746324F7163200D10FD3 /* DemoTests.xctest */,
				1565746E24F7163200D10FD3 /* DemoUITests.xctest */,
			);
			name = Products;
			sourceTree = "<group>";
		};
		1565744F24F7162F00D10FD3 /* Demo */ = {
			isa = PBXGroup;
			children = (
				151CD38624F76230006F3D9C /* Configs */,
				1565748424F725BD00D10FD3 /* Classes */,
				1565748124F7232400D10FD3 /* Supporting Files */,
			);
			path = Demo;
			sourceTree = "<group>";
		};
		1565746624F7163200D10FD3 /* DemoTests */ = {
			isa = PBXGroup;
			children = (
				1565746724F7163200D10FD3 /* DemoTests.swift */,
				1565746924F7163200D10FD3 /* Info.plist */,
			);
			path = DemoTests;
			sourceTree = "<group>";
		};
		1565747124F7163200D10FD3 /* DemoUITests */ = {
			isa = PBXGroup;
			children = (
				1565747224F7163200D10FD3 /* DemoUITests.swift */,
				1565747424F7163200D10FD3 /* Info.plist */,
			);
			path = DemoUITests;
			sourceTree = "<group>";
		};
		1565748024F7230D00D10FD3 /* Application */ = {
			isa = PBXGroup;
			children = (
				1565745024F7162F00D10FD3 /* AppDelegate.swift */,
				1565748C24F74D7900D10FD3 /* AppDelegate+Push.swift */,
				1565745224F7162F00D10FD3 /* SceneDelegate.swift */,
				1565748224F7238300D10FD3 /* Application.swift */,
			);
			path = Application;
			sourceTree = "<group>";
		};
		1565748124F7232400D10FD3 /* Supporting Files */ = {
			isa = PBXGroup;
			children = (
				1565748924F72E4A00D10FD3 /* R.generated.swift */,
				1565745624F7162F00D10FD3 /* Main.storyboard */,
				1565745924F7163200D10FD3 /* Assets.xcassets */,
				DEE2CEE9256B97C200C91450 /* Colors.xcassets */,
				1565745B24F7163200D10FD3 /* LaunchScreen.storyboard */,
				1565745E24F7163200D10FD3 /* Info.plist */,
				1565749024F7599600D10FD3 /* Localization.strings */,
			);
			path = "Supporting Files";
			sourceTree = "<group>";
		};
		1565748424F725BD00D10FD3 /* Classes */ = {
			isa = PBXGroup;
			children = (
				1565748024F7230D00D10FD3 /* Application */,
				57038A4C252D4CE100B54DA9 /* BaseClass */,
				1565748E24F755FC00D10FD3 /* Common */,
				DEE2CE5C256B6C8200C91450 /* Error */,
				1565748524F725C500D10FD3 /* Manager */,
				151CD3EE24F77929006F3D9C /* Networking */,
				151CD3F724F7B146006F3D9C /* Model */,
				15E95C2E24FB4CF900F6576B /* Scene */,
				DEE2CE4E256B4F8D00C91450 /* Utils */,
			);
			path = Classes;
			sourceTree = "<group>";
		};
		1565748524F725C500D10FD3 /* Manager */ = {
			isa = PBXGroup;
			children = (
				1565748624F725F000D10FD3 /* LibManager.swift */,
				DE0F281D257CDAF100D6E03F /* Reachability.swift */,
				DE0F2743257CD74B00D6E03F /* AnalyticsManager.swift */,
				151CD3F324F7AC46006F3D9C /* LogManager.swift */,
				151CD3F524F7ACA6006F3D9C /* AuthManager.swift */,
				57038A76252D4DD700B54DA9 /* LocationManager.swift */,
				57038A7B252D4DE400B54DA9 /* CameraManager.swift */,
				DE0F282A257CDBC500D6E03F /* WhatsNewManager.swift */,
			);
			path = Manager;
			sourceTree = "<group>";
		};
		1565748E24F755FC00D10FD3 /* Common */ = {
			isa = PBXGroup;
			children = (
				DE5BA009256D0DAB00702A98 /* Rx */,
				DE794D43256B3C44005F0E2D /* Model */,
				15EDE7AF250A23230065ED37 /* Extension */,
			);
			path = Common;
			sourceTree = "<group>";
		};
		15E95C2E24FB4CF900F6576B /* Scene */ = {
			isa = PBXGroup;
			children = (
				DE794D35256B3B74005F0E2D /* Root */,
				DE794D4C256B3F6F005F0E2D /* Login */,
				DE794D34256B3B55005F0E2D /* Profile */,
				15E95C2F24FB4CF900F6576B /* Home */,
			);
			name = Scene;
			path = Demo/Classes/Scene;
			sourceTree = SOURCE_ROOT;
		};
		15E95C2F24FB4CF900F6576B /* Home */ = {
			isa = PBXGroup;
			children = (
				DE8B53932575FB59001E80E9 /* Service */,
				DE8B538B2575FB4C001E80E9 /* Controller */,
				DE8B538F2575FB53001E80E9 /* Model */,
			);
			path = Home;
			sourceTree = "<group>";
		};
		15EDE7AF250A23230065ED37 /* Extension */ = {
			isa = PBXGroup;
			children = (
				15EDE7B3250A23230065ED37 /* Block */,
				57038A6B252D4D9600B54DA9 /* Foundation */,
				15EDE7B0250A23230065ED37 /* UIKit */,
			);
			path = Extension;
			sourceTree = "<group>";
		};
		15EDE7B0250A23230065ED37 /* UIKit */ = {
			isa = PBXGroup;
			children = (
				57038A83252D505000B54DA9 /* UIApplication+Exts.swift */,
				15EDE7B1250A23230065ED37 /* UIView+Exts.swift */,
				57038ADF252E4BC100B54DA9 /* UIView+Animation.swift */,
				15EDE7B2250A23230065ED37 /* UIView+Gesture.swift */,
				57038AAF252D6BA900B54DA9 /* UIImage+Exts.swift */,
				57038AEA252E548E00B54DA9 /* UIImage+Bitmap.swift */,
			);
			path = UIKit;
			sourceTree = "<group>";
		};
		15EDE7B3250A23230065ED37 /* Block */ = {
			isa = PBXGroup;
			children = (
				15EDE7B4250A23230065ED37 /* BlockPan.swift */,
				15EDE7B5250A23230065ED37 /* BlockPinch.swift */,
				15EDE7B6250A23230065ED37 /* BlockButton.swift */,
				15EDE7B7250A23230065ED37 /* BlockTap.swift */,
				15EDE7B8250A23230065ED37 /* BlockLongPress.swift */,
			);
			path = Block;
			sourceTree = "<group>";
		};
		2E6532B4E74104FA63DACBFA /* Pods */ = {
			isa = PBXGroup;
			children = (
				2B160DAA6D21911C2DD7E669 /* Pods-Demo.debug.xcconfig */,
				FE92BE2720EE42F243BD2C4F /* Pods-Demo.release.xcconfig */,
				CDC38181A3CB97C2DE41899F /* Pods-Demo-DemoUITests.debug.xcconfig */,
				24A105454C24AF2F6A86A007 /* Pods-Demo-DemoUITests.release.xcconfig */,
				3AC30393A66263B92695F99F /* Pods-DemoTests.debug.xcconfig */,
				D01BC357EA74367D633D2E6F /* Pods-DemoTests.release.xcconfig */,
			);
			path = Pods;
			sourceTree = "<group>";
		};
		57038A4C252D4CE100B54DA9 /* BaseClass */ = {
			isa = PBXGroup;
			children = (
				DE794D44256B3C56005F0E2D /* ViewModel.swift */,
				DE794D6C256B487B005F0E2D /* ViewController.swift */,
				151CD3EC24F76E67006F3D9C /* PlainTableView.swift */,
			);
			path = BaseClass;
			sourceTree = "<group>";
		};
		57038A6B252D4D9600B54DA9 /* Foundation */ = {
			isa = PBXGroup;
			children = (
				57038A8B252D50E600B54DA9 /* Timer.swift */,
				57038B1B252E742F00B54DA9 /* MemoryLayout.swift */,
				57038A6C252D4DB300B54DA9 /* String+Exts.swift */,
			);
			path = Foundation;
			sourceTree = "<group>";
		};
		6DEB821D7B7452C6AC7C2AD8 /* Frameworks */ = {
			isa = PBXGroup;
			children = (
				DAD363C49654FFEE7FADB3A5 /* Pods_Demo.framework */,
				435BF7211F6E6D22B8D4FB4E /* Pods_Demo_DemoUITests.framework */,
				AB2F76871EE5F27085488500 /* Pods_DemoTests.framework */,
			);
			name = Frameworks;
			sourceTree = "<group>";
		};
		DE5BA009256D0DAB00702A98 /* Rx */ = {
			isa = PBXGroup;
			children = (
				DE5BA3F0256E480400702A98 /* Debug.swift */,
				DE5BA00A256D0DBC00702A98 /* loadContent.swift */,
				DEF855C42574DADC006FD339 /* PHPhotoLibrary+Rx.swift */,
				DEF855C92574DBC5006FD339 /* UIVIewController+Rx.swift */,
			);
			path = Rx;
			sourceTree = "<group>";
		};
		DE794D34256B3B55005F0E2D /* Profile */ = {
			isa = PBXGroup;
			children = (
				DE794D3E256B3C23005F0E2D /* ProfileViewController.swift */,
				DE794D55256B3FA9005F0E2D /* ProfileViewModel.swift */,
			);
			path = Profile;
			sourceTree = "<group>";
		};
		DE794D35256B3B74005F0E2D /* Root */ = {
			isa = PBXGroup;
			children = (
				DE794D36256B3B9E005F0E2D /* RootTabBarViewController.swift */,
				DE794D62256B4023005F0E2D /* RootTabBarViewModel.swift */,
			);
			path = Root;
			sourceTree = "<group>";
		};
		DE794D43256B3C44005F0E2D /* Model */ = {
			isa = PBXGroup;
			children = (
			);
			path = Model;
			sourceTree = "<group>";
		};
		DE794D4C256B3F6F005F0E2D /* Login */ = {
			isa = PBXGroup;
			children = (
				DE794D4D256B3F84005F0E2D /* LoginViewController.swift */,
				DE794D5D256B3FEA005F0E2D /* LoginViewModel.swift */,
			);
			path = Login;
			sourceTree = "<group>";
		};
		DE8B538B2575FB4C001E80E9 /* Controller */ = {
			isa = PBXGroup;
			children = (
				15E95C3024FB4E6E00F6576B /* HomeViewController.swift */,
			);
			path = Controller;
			sourceTree = "<group>";
		};
		DE8B538F2575FB53001E80E9 /* Model */ = {
			isa = PBXGroup;
			children = (
				DE794D67256B402E005F0E2D /* HomeViewModel.swift */,
			);
			path = Model;
			sourceTree = "<group>";
		};
		DE8B53932575FB59001E80E9 /* Service */ = {
			isa = PBXGroup;
			children = (
				DE8B53942575FFB7001E80E9 /* HomeApi.swift */,
				DE8B53A225760E6D001E80E9 /* HomeService.swift */,
			);
			path = Service;
			sourceTree = "<group>";
		};
		DEE2CE4E256B4F8D00C91450 /* Utils */ = {
			isa = PBXGroup;
			children = (
				DEE2CE4F256B4FE700C91450 /* ViewController+HUD.swift */,
				DEE2CE57256B501B00C91450 /* ViewController+HUD+Rx.swift */,
			);
			path = Utils;
			sourceTree = "<group>";
		};
		DEE2CE5C256B6C8200C91450 /* Error */ = {
			isa = PBXGroup;
			children = (
				DEE2CE5D256B6C9E00C91450 /* ErrorResolvable.swift */,
			);
			path = Error;
			sourceTree = "<group>";
		};
/* End PBXGroup section */

/* Begin PBXNativeTarget section */
		1565744C24F7162F00D10FD3 /* Demo */ = {
			isa = PBXNativeTarget;
			buildConfigurationList = 1565747724F7163200D10FD3 /* Build configuration list for PBXNativeTarget "Demo" */;
			buildPhases = (
				4BCEFD05196F2306F8A06CFD /* [CP] Check Pods Manifest.lock */,
				1565748824F72DAB00D10FD3 /* R.swift */,
				1565744924F7162F00D10FD3 /* Sources */,
				1565744A24F7162F00D10FD3 /* Frameworks */,
				1565744B24F7162F00D10FD3 /* Resources */,
				1565748B24F72F5E00D10FD3 /* Swiftlint */,
				D5FBD1BDE62CBB97A64F9EF7 /* [CP] Embed Pods Frameworks */,
			);
			buildRules = (
			);
			dependencies = (
			);
			name = Demo;
			productName = Demo;
			productReference = 1565744D24F7162F00D10FD3 /* Demo.app */;
			productType = "com.apple.product-type.application";
		};
		1565746224F7163200D10FD3 /* DemoTests */ = {
			isa = PBXNativeTarget;
			buildConfigurationList = 1565747A24F7163200D10FD3 /* Build configuration list for PBXNativeTarget "DemoTests" */;
			buildPhases = (
				491C62D0E89282676F346A0E /* [CP] Check Pods Manifest.lock */,
				1565745F24F7163200D10FD3 /* Sources */,
				1565746024F7163200D10FD3 /* Frameworks */,
				1565746124F7163200D10FD3 /* Resources */,
				603FD0F24204485BF3135F08 /* [CP] Embed Pods Frameworks */,
			);
			buildRules = (
			);
			dependencies = (
				1565746524F7163200D10FD3 /* PBXTargetDependency */,
			);
			name = DemoTests;
			productName = DemoTests;
			productReference = 1565746324F7163200D10FD3 /* DemoTests.xctest */;
			productType = "com.apple.product-type.bundle.unit-test";
		};
		1565746D24F7163200D10FD3 /* DemoUITests */ = {
			isa = PBXNativeTarget;
			buildConfigurationList = 1565747D24F7163200D10FD3 /* Build configuration list for PBXNativeTarget "DemoUITests" */;
			buildPhases = (
				4C33E7B3919D0D231E10FD8D /* [CP] Check Pods Manifest.lock */,
				1565746A24F7163200D10FD3 /* Sources */,
				1565746B24F7163200D10FD3 /* Frameworks */,
				1565746C24F7163200D10FD3 /* Resources */,
				DF442E9DBE7BA6D18E85695B /* [CP] Embed Pods Frameworks */,
			);
			buildRules = (
			);
			dependencies = (
				1565747024F7163200D10FD3 /* PBXTargetDependency */,
			);
			name = DemoUITests;
			productName = DemoUITests;
			productReference = 1565746E24F7163200D10FD3 /* DemoUITests.xctest */;
			productType = "com.apple.product-type.bundle.ui-testing";
		};
/* End PBXNativeTarget section */

/* Begin PBXProject section */
		1565744524F7162F00D10FD3 /* Project object */ = {
			isa = PBXProject;
			attributes = {
				LastSwiftUpdateCheck = 1160;
				LastUpgradeCheck = 1200;
				ORGANIZATIONNAME = ORG;
				TargetAttributes = {
					1565744C24F7162F00D10FD3 = {
						CreatedOnToolsVersion = 11.6;
					};
					1565746224F7163200D10FD3 = {
						CreatedOnToolsVersion = 11.6;
						TestTargetID = 1565744C24F7162F00D10FD3;
					};
					1565746D24F7163200D10FD3 = {
						CreatedOnToolsVersion = 11.6;
						TestTargetID = 1565744C24F7162F00D10FD3;
					};
				};
			};
			buildConfigurationList = 1565744824F7162F00D10FD3 /* Build configuration list for PBXProject "Demo" */;
			compatibilityVersion = "Xcode 9.3";
			developmentRegion = en;
			hasScannedForEncodings = 0;
			knownRegions = (
				en,
				Base,
			);
			mainGroup = 1565744424F7162F00D10FD3;
			productRefGroup = 1565744E24F7162F00D10FD3 /* Products */;
			projectDirPath = "";
			projectRoot = "";
			targets = (
				1565744C24F7162F00D10FD3 /* Demo */,
				1565746224F7163200D10FD3 /* DemoTests */,
				1565746D24F7163200D10FD3 /* DemoUITests */,
			);
		};
/* End PBXProject section */

/* Begin PBXResourcesBuildPhase section */
		1565744B24F7162F00D10FD3 /* Resources */ = {
			isa = PBXResourcesBuildPhase;
			buildActionMask = 2147483647;
			files = (
				DEE2CEEA256B97C200C91450 /* Colors.xcassets in Resources */,
				1565745D24F7163200D10FD3 /* LaunchScreen.storyboard in Resources */,
				1565749124F7599600D10FD3 /* Localization.strings in Resources */,
				1565745A24F7163200D10FD3 /* Assets.xcassets in Resources */,
				1565745824F7162F00D10FD3 /* Main.storyboard in Resources */,
			);
			runOnlyForDeploymentPostprocessing = 0;
		};
		1565746124F7163200D10FD3 /* Resources */ = {
			isa = PBXResourcesBuildPhase;
			buildActionMask = 2147483647;
			files = (
			);
			runOnlyForDeploymentPostprocessing = 0;
		};
		1565746C24F7163200D10FD3 /* Resources */ = {
			isa = PBXResourcesBuildPhase;
			buildActionMask = 2147483647;
			files = (
			);
			runOnlyForDeploymentPostprocessing = 0;
		};
/* End PBXResourcesBuildPhase section */

/* Begin PBXShellScriptBuildPhase section */
		1565748824F72DAB00D10FD3 /* R.swift */ = {
			isa = PBXShellScriptBuildPhase;
			buildActionMask = 2147483647;
			files = (
			);
			inputFileListPaths = (
			);
			inputPaths = (
				"$TEMP_DIR/rswift-lastrun",
			);
			name = R.swift;
			outputFileListPaths = (
			);
			outputPaths = (
				$SRCROOT/R.generated.swift,
			);
			runOnlyForDeploymentPostprocessing = 0;
			shellPath = /bin/sh;
			shellScript = "\"$PODS_ROOT/R.swift/rswift\" generate \"$SRCROOT/R.generated.swift\"\n";
		};
		1565748B24F72F5E00D10FD3 /* Swiftlint */ = {
			isa = PBXShellScriptBuildPhase;
			buildActionMask = 2147483647;
			files = (
			);
			inputFileListPaths = (
			);
			inputPaths = (
			);
			name = Swiftlint;
			outputFileListPaths = (
			);
			outputPaths = (
			);
			runOnlyForDeploymentPostprocessing = 0;
			shellPath = /bin/sh;
			shellScript = "\"${PODS_ROOT}/SwiftLint/swiftlint\"\n";
		};
		491C62D0E89282676F346A0E /* [CP] Check Pods Manifest.lock */ = {
			isa = PBXShellScriptBuildPhase;
			buildActionMask = 2147483647;
			files = (
			);
			inputFileListPaths = (
			);
			inputPaths = (
				"${PODS_PODFILE_DIR_PATH}/Podfile.lock",
				"${PODS_ROOT}/Manifest.lock",
			);
			name = "[CP] Check Pods Manifest.lock";
			outputFileListPaths = (
			);
			outputPaths = (
				"$(DERIVED_FILE_DIR)/Pods-DemoTests-checkManifestLockResult.txt",
			);
			runOnlyForDeploymentPostprocessing = 0;
			shellPath = /bin/sh;
			shellScript = "diff \"${PODS_PODFILE_DIR_PATH}/Podfile.lock\" \"${PODS_ROOT}/Manifest.lock\" > /dev/null\nif [ $? != 0 ] ; then\n    # print error to STDERR\n    echo \"error: The sandbox is not in sync with the Podfile.lock. Run 'pod install' or update your CocoaPods installation.\" >&2\n    exit 1\nfi\n# This output is used by Xcode 'outputs' to avoid re-running this script phase.\necho \"SUCCESS\" > \"${SCRIPT_OUTPUT_FILE_0}\"\n";
			showEnvVarsInLog = 0;
		};
		4BCEFD05196F2306F8A06CFD /* [CP] Check Pods Manifest.lock */ = {
			isa = PBXShellScriptBuildPhase;
			buildActionMask = 2147483647;
			files = (
			);
			inputFileListPaths = (
			);
			inputPaths = (
				"${PODS_PODFILE_DIR_PATH}/Podfile.lock",
				"${PODS_ROOT}/Manifest.lock",
			);
			name = "[CP] Check Pods Manifest.lock";
			outputFileListPaths = (
			);
			outputPaths = (
				"$(DERIVED_FILE_DIR)/Pods-Demo-checkManifestLockResult.txt",
			);
			runOnlyForDeploymentPostprocessing = 0;
			shellPath = /bin/sh;
			shellScript = "diff \"${PODS_PODFILE_DIR_PATH}/Podfile.lock\" \"${PODS_ROOT}/Manifest.lock\" > /dev/null\nif [ $? != 0 ] ; then\n    # print error to STDERR\n    echo \"error: The sandbox is not in sync with the Podfile.lock. Run 'pod install' or update your CocoaPods installation.\" >&2\n    exit 1\nfi\n# This output is used by Xcode 'outputs' to avoid re-running this script phase.\necho \"SUCCESS\" > \"${SCRIPT_OUTPUT_FILE_0}\"\n";
			showEnvVarsInLog = 0;
		};
		4C33E7B3919D0D231E10FD8D /* [CP] Check Pods Manifest.lock */ = {
			isa = PBXShellScriptBuildPhase;
			buildActionMask = 2147483647;
			files = (
			);
			inputFileListPaths = (
			);
			inputPaths = (
				"${PODS_PODFILE_DIR_PATH}/Podfile.lock",
				"${PODS_ROOT}/Manifest.lock",
			);
			name = "[CP] Check Pods Manifest.lock";
			outputFileListPaths = (
			);
			outputPaths = (
				"$(DERIVED_FILE_DIR)/Pods-Demo-DemoUITests-checkManifestLockResult.txt",
			);
			runOnlyForDeploymentPostprocessing = 0;
			shellPath = /bin/sh;
			shellScript = "diff \"${PODS_PODFILE_DIR_PATH}/Podfile.lock\" \"${PODS_ROOT}/Manifest.lock\" > /dev/null\nif [ $? != 0 ] ; then\n    # print error to STDERR\n    echo \"error: The sandbox is not in sync with the Podfile.lock. Run 'pod install' or update your CocoaPods installation.\" >&2\n    exit 1\nfi\n# This output is used by Xcode 'outputs' to avoid re-running this script phase.\necho \"SUCCESS\" > \"${SCRIPT_OUTPUT_FILE_0}\"\n";
			showEnvVarsInLog = 0;
		};
		603FD0F24204485BF3135F08 /* [CP] Embed Pods Frameworks */ = {
			isa = PBXShellScriptBuildPhase;
			buildActionMask = 2147483647;
			files = (
			);
			inputFileListPaths = (
				"${PODS_ROOT}/Target Support Files/Pods-DemoTests/Pods-DemoTests-frameworks-${CONFIGURATION}-input-files.xcfilelist",
			);
			name = "[CP] Embed Pods Frameworks";
			outputFileListPaths = (
				"${PODS_ROOT}/Target Support Files/Pods-DemoTests/Pods-DemoTests-frameworks-${CONFIGURATION}-output-files.xcfilelist",
			);
			runOnlyForDeploymentPostprocessing = 0;
			shellPath = /bin/sh;
			shellScript = "\"${PODS_ROOT}/Target Support Files/Pods-DemoTests/Pods-DemoTests-frameworks.sh\"\n";
			showEnvVarsInLog = 0;
		};
		D5FBD1BDE62CBB97A64F9EF7 /* [CP] Embed Pods Frameworks */ = {
			isa = PBXShellScriptBuildPhase;
			buildActionMask = 2147483647;
			files = (
			);
			inputFileListPaths = (
				"${PODS_ROOT}/Target Support Files/Pods-Demo/Pods-Demo-frameworks-${CONFIGURATION}-input-files.xcfilelist",
			);
			name = "[CP] Embed Pods Frameworks";
			outputFileListPaths = (
				"${PODS_ROOT}/Target Support Files/Pods-Demo/Pods-Demo-frameworks-${CONFIGURATION}-output-files.xcfilelist",
			);
			runOnlyForDeploymentPostprocessing = 0;
			shellPath = /bin/sh;
			shellScript = "\"${PODS_ROOT}/Target Support Files/Pods-Demo/Pods-Demo-frameworks.sh\"\n";
			showEnvVarsInLog = 0;
		};
		DF442E9DBE7BA6D18E85695B /* [CP] Embed Pods Frameworks */ = {
			isa = PBXShellScriptBuildPhase;
			buildActionMask = 2147483647;
			files = (
			);
			inputFileListPaths = (
				"${PODS_ROOT}/Target Support Files/Pods-Demo-DemoUITests/Pods-Demo-DemoUITests-frameworks-${CONFIGURATION}-input-files.xcfilelist",
			);
			name = "[CP] Embed Pods Frameworks";
			outputFileListPaths = (
				"${PODS_ROOT}/Target Support Files/Pods-Demo-DemoUITests/Pods-Demo-DemoUITests-frameworks-${CONFIGURATION}-output-files.xcfilelist",
			);
			runOnlyForDeploymentPostprocessing = 0;
			shellPath = /bin/sh;
			shellScript = "\"${PODS_ROOT}/Target Support Files/Pods-Demo-DemoUITests/Pods-Demo-DemoUITests-frameworks.sh\"\n";
			showEnvVarsInLog = 0;
		};
/* End PBXShellScriptBuildPhase section */

/* Begin PBXSourcesBuildPhase section */
		1565744924F7162F00D10FD3 /* Sources */ = {
			isa = PBXSourcesBuildPhase;
			buildActionMask = 2147483647;
			files = (
				DEE2CE5E256B6C9E00C91450 /* ErrorResolvable.swift in Sources */,
				DE794D4E256B3F84005F0E2D /* LoginViewController.swift in Sources */,
				15EDE7B9250A235D0065ED37 /* UIView+Exts.swift in Sources */,
				15EDE7BA250A235D0065ED37 /* UIView+Gesture.swift in Sources */,
				DEF855C52574DADC006FD339 /* PHPhotoLibrary+Rx.swift in Sources */,
				DE794D68256B402E005F0E2D /* HomeViewModel.swift in Sources */,
				57038A77252D4DD700B54DA9 /* LocationManager.swift in Sources */,
				57038A84252D505000B54DA9 /* UIApplication+Exts.swift in Sources */,
				57038A6D252D4DB300B54DA9 /* String+Exts.swift in Sources */,
				DEF855CA2574DBC5006FD339 /* UIVIewController+Rx.swift in Sources */,
				DE794D63256B4023005F0E2D /* RootTabBarViewModel.swift in Sources */,
				DE794D6D256B487B005F0E2D /* ViewController.swift in Sources */,
				DE0F282B257CDBC500D6E03F /* WhatsNewManager.swift in Sources */,
				15EDE7BB250A235D0065ED37 /* BlockPan.swift in Sources */,
				15EDE7BC250A235D0065ED37 /* BlockPinch.swift in Sources */,
				15EDE7BD250A235D0065ED37 /* BlockButton.swift in Sources */,
				DEE2CE58256B501B00C91450 /* ViewController+HUD+Rx.swift in Sources */,
				15EDE7BE250A235D0065ED37 /* BlockTap.swift in Sources */,
				DE794D30256B3887005F0E2D /* DataRepository.swift in Sources */,
				15EDE7BF250A235D0065ED37 /* BlockLongPress.swift in Sources */,
				151CD38B24F7640B006F3D9C /* Configs.swift in Sources */,
				DE8B53A325760E6D001E80E9 /* HomeService.swift in Sources */,
				151CD3ED24F76E67006F3D9C /* PlainTableView.swift in Sources */,
				151CD40824F8AF7B006F3D9C /* NetworkConfig.swift in Sources */,
				DE0F281E257CDAF100D6E03F /* Reachability.swift in Sources */,
				1565748324F7238300D10FD3 /* Application.swift in Sources */,
				57038B1C252E742F00B54DA9 /* MemoryLayout.swift in Sources */,
				57038A7C252D4DE400B54DA9 /* CameraManager.swift in Sources */,
				DE794D56256B3FA9005F0E2D /* ProfileViewModel.swift in Sources */,
				151CD3F624F7ACA6006F3D9C /* AuthManager.swift in Sources */,
				57038AE0252E4BC100B54DA9 /* UIView+Animation.swift in Sources */,
				15E95C3124FB4E6E00F6576B /* HomeViewController.swift in Sources */,
				DE794D45256B3C56005F0E2D /* ViewModel.swift in Sources */,
				57038AB0252D6BA900B54DA9 /* UIImage+Exts.swift in Sources */,
				DE5BA00B256D0DBC00702A98 /* loadContent.swift in Sources */,
				151CD40A24F8AFA4006F3D9C /* AccountApi.swift in Sources */,
				DE5BA3F1256E480400702A98 /* Debug.swift in Sources */,
				57038AEB252E548E00B54DA9 /* UIImage+Bitmap.swift in Sources */,
				DE794D3F256B3C23005F0E2D /* ProfileViewController.swift in Sources */,
				151CD3F424F7AC46006F3D9C /* LogManager.swift in Sources */,
				DE8B53952575FFB7001E80E9 /* HomeApi.swift in Sources */,
				1565745124F7162F00D10FD3 /* AppDelegate.swift in Sources */,
				1565748724F725F000D10FD3 /* LibManager.swift in Sources */,
				57038A8C252D50E600B54DA9 /* Timer.swift in Sources */,
				DE0F2744257CD74B00D6E03F /* AnalyticsManager.swift in Sources */,
				1565745324F7162F00D10FD3 /* SceneDelegate.swift in Sources */,
				1565748D24F74D7900D10FD3 /* AppDelegate+Push.swift in Sources */,
				1565748A24F72E4A00D10FD3 /* R.generated.swift in Sources */,
				DE794D37256B3B9E005F0E2D /* RootTabBarViewController.swift in Sources */,
				DE794D5E256B3FEA005F0E2D /* LoginViewModel.swift in Sources */,
				DEE2CE50256B4FE700C91450 /* ViewController+HUD.swift in Sources */,
				151CD3F224F7A8B1006F3D9C /* User.swift in Sources */,
			);
			runOnlyForDeploymentPostprocessing = 0;
		};
		1565745F24F7163200D10FD3 /* Sources */ = {
			isa = PBXSourcesBuildPhase;
			buildActionMask = 2147483647;
			files = (
				1565746824F7163200D10FD3 /* DemoTests.swift in Sources */,
			);
			runOnlyForDeploymentPostprocessing = 0;
		};
		1565746A24F7163200D10FD3 /* Sources */ = {
			isa = PBXSourcesBuildPhase;
			buildActionMask = 2147483647;
			files = (
				1565747324F7163200D10FD3 /* DemoUITests.swift in Sources */,
			);
			runOnlyForDeploymentPostprocessing = 0;
		};
/* End PBXSourcesBuildPhase section */

/* Begin PBXTargetDependency section */
		1565746524F7163200D10FD3 /* PBXTargetDependency */ = {
			isa = PBXTargetDependency;
			target = 1565744C24F7162F00D10FD3 /* Demo */;
			targetProxy = 1565746424F7163200D10FD3 /* PBXContainerItemProxy */;
		};
		1565747024F7163200D10FD3 /* PBXTargetDependency */ = {
			isa = PBXTargetDependency;
			target = 1565744C24F7162F00D10FD3 /* Demo */;
			targetProxy = 1565746F24F7163200D10FD3 /* PBXContainerItemProxy */;
		};
/* End PBXTargetDependency section */

/* Begin PBXVariantGroup section */
		1565745624F7162F00D10FD3 /* Main.storyboard */ = {
			isa = PBXVariantGroup;
			children = (
				1565745724F7162F00D10FD3 /* Base */,
			);
			name = Main.storyboard;
			sourceTree = "<group>";
		};
		1565745B24F7163200D10FD3 /* LaunchScreen.storyboard */ = {
			isa = PBXVariantGroup;
			children = (
				1565745C24F7163200D10FD3 /* Base */,
			);
			name = LaunchScreen.storyboard;
			sourceTree = "<group>";
		};
/* End PBXVariantGroup section */

/* Begin XCBuildConfiguration section */
		1565747524F7163200D10FD3 /* Debug */ = {
			isa = XCBuildConfiguration;
			baseConfigurationReference = 151CD38724F7625D006F3D9C /* Debug.xcconfig */;
			buildSettings = {
				ALWAYS_SEARCH_USER_PATHS = NO;
				CLANG_ANALYZER_NONNULL = YES;
				CLANG_ANALYZER_NUMBER_OBJECT_CONVERSION = YES_AGGRESSIVE;
				CLANG_CXX_LANGUAGE_STANDARD = "gnu++14";
				CLANG_CXX_LIBRARY = "libc++";
				CLANG_ENABLE_MODULES = YES;
				CLANG_ENABLE_OBJC_ARC = YES;
				CLANG_ENABLE_OBJC_WEAK = YES;
				CLANG_WARN_BLOCK_CAPTURE_AUTORELEASING = YES;
				CLANG_WARN_BOOL_CONVERSION = YES;
				CLANG_WARN_COMMA = YES;
				CLANG_WARN_CONSTANT_CONVERSION = YES;
				CLANG_WARN_DEPRECATED_OBJC_IMPLEMENTATIONS = YES;
				CLANG_WARN_DIRECT_OBJC_ISA_USAGE = YES_ERROR;
				CLANG_WARN_DOCUMENTATION_COMMENTS = YES;
				CLANG_WARN_EMPTY_BODY = YES;
				CLANG_WARN_ENUM_CONVERSION = YES;
				CLANG_WARN_INFINITE_RECURSION = YES;
				CLANG_WARN_INT_CONVERSION = YES;
				CLANG_WARN_NON_LITERAL_NULL_CONVERSION = YES;
				CLANG_WARN_OBJC_IMPLICIT_RETAIN_SELF = YES;
				CLANG_WARN_OBJC_LITERAL_CONVERSION = YES;
				CLANG_WARN_OBJC_ROOT_CLASS = YES_ERROR;
				CLANG_WARN_QUOTED_INCLUDE_IN_FRAMEWORK_HEADER = YES;
				CLANG_WARN_RANGE_LOOP_ANALYSIS = YES;
				CLANG_WARN_STRICT_PROTOTYPES = YES;
				CLANG_WARN_SUSPICIOUS_MOVE = YES;
				CLANG_WARN_UNGUARDED_AVAILABILITY = YES_AGGRESSIVE;
				CLANG_WARN_UNREACHABLE_CODE = YES;
				CLANG_WARN__DUPLICATE_METHOD_MATCH = YES;
				COPY_PHASE_STRIP = NO;
				DEBUG_INFORMATION_FORMAT = dwarf;
				ENABLE_STRICT_OBJC_MSGSEND = YES;
				ENABLE_TESTABILITY = YES;
				GCC_C_LANGUAGE_STANDARD = gnu11;
				GCC_DYNAMIC_NO_PIC = NO;
				GCC_NO_COMMON_BLOCKS = YES;
				GCC_OPTIMIZATION_LEVEL = 0;
				GCC_PREPROCESSOR_DEFINITIONS = (
					"DEBUG=1",
					"$(inherited)",
				);
				GCC_WARN_64_TO_32_BIT_CONVERSION = YES;
				GCC_WARN_ABOUT_RETURN_TYPE = YES_ERROR;
				GCC_WARN_UNDECLARED_SELECTOR = YES;
				GCC_WARN_UNINITIALIZED_AUTOS = YES_AGGRESSIVE;
				GCC_WARN_UNUSED_FUNCTION = YES;
				GCC_WARN_UNUSED_VARIABLE = YES;
				IPHONEOS_DEPLOYMENT_TARGET = 12.0;
				MTL_ENABLE_DEBUG_INFO = INCLUDE_SOURCE;
				MTL_FAST_MATH = YES;
				ONLY_ACTIVE_ARCH = YES;
				SDKROOT = iphoneos;
				SWIFT_ACTIVE_COMPILATION_CONDITIONS = DEBUG;
				SWIFT_OPTIMIZATION_LEVEL = "-Onone";
			};
			name = Debug;
		};
		1565747624F7163200D10FD3 /* Release */ = {
			isa = XCBuildConfiguration;
			baseConfigurationReference = 151CD38924F7625D006F3D9C /* Release.xcconfig */;
			buildSettings = {
				ALWAYS_SEARCH_USER_PATHS = NO;
				CLANG_ANALYZER_NONNULL = YES;
				CLANG_ANALYZER_NUMBER_OBJECT_CONVERSION = YES_AGGRESSIVE;
				CLANG_CXX_LANGUAGE_STANDARD = "gnu++14";
				CLANG_CXX_LIBRARY = "libc++";
				CLANG_ENABLE_MODULES = YES;
				CLANG_ENABLE_OBJC_ARC = YES;
				CLANG_ENABLE_OBJC_WEAK = YES;
				CLANG_WARN_BLOCK_CAPTURE_AUTORELEASING = YES;
				CLANG_WARN_BOOL_CONVERSION = YES;
				CLANG_WARN_COMMA = YES;
				CLANG_WARN_CONSTANT_CONVERSION = YES;
				CLANG_WARN_DEPRECATED_OBJC_IMPLEMENTATIONS = YES;
				CLANG_WARN_DIRECT_OBJC_ISA_USAGE = YES_ERROR;
				CLANG_WARN_DOCUMENTATION_COMMENTS = YES;
				CLANG_WARN_EMPTY_BODY = YES;
				CLANG_WARN_ENUM_CONVERSION = YES;
				CLANG_WARN_INFINITE_RECURSION = YES;
				CLANG_WARN_INT_CONVERSION = YES;
				CLANG_WARN_NON_LITERAL_NULL_CONVERSION = YES;
				CLANG_WARN_OBJC_IMPLICIT_RETAIN_SELF = YES;
				CLANG_WARN_OBJC_LITERAL_CONVERSION = YES;
				CLANG_WARN_OBJC_ROOT_CLASS = YES_ERROR;
				CLANG_WARN_QUOTED_INCLUDE_IN_FRAMEWORK_HEADER = YES;
				CLANG_WARN_RANGE_LOOP_ANALYSIS = YES;
				CLANG_WARN_STRICT_PROTOTYPES = YES;
				CLANG_WARN_SUSPICIOUS_MOVE = YES;
				CLANG_WARN_UNGUARDED_AVAILABILITY = YES_AGGRESSIVE;
				CLANG_WARN_UNREACHABLE_CODE = YES;
				CLANG_WARN__DUPLICATE_METHOD_MATCH = YES;
				COPY_PHASE_STRIP = NO;
				DEBUG_INFORMATION_FORMAT = "dwarf-with-dsym";
				ENABLE_NS_ASSERTIONS = NO;
				ENABLE_STRICT_OBJC_MSGSEND = YES;
				GCC_C_LANGUAGE_STANDARD = gnu11;
				GCC_NO_COMMON_BLOCKS = YES;
				GCC_WARN_64_TO_32_BIT_CONVERSION = YES;
				GCC_WARN_ABOUT_RETURN_TYPE = YES_ERROR;
				GCC_WARN_UNDECLARED_SELECTOR = YES;
				GCC_WARN_UNINITIALIZED_AUTOS = YES_AGGRESSIVE;
				GCC_WARN_UNUSED_FUNCTION = YES;
				GCC_WARN_UNUSED_VARIABLE = YES;
				IPHONEOS_DEPLOYMENT_TARGET = 12.0;
				MTL_ENABLE_DEBUG_INFO = NO;
				MTL_FAST_MATH = YES;
				SDKROOT = iphoneos;
				SWIFT_COMPILATION_MODE = wholemodule;
				SWIFT_OPTIMIZATION_LEVEL = "-O";
				VALIDATE_PRODUCT = YES;
			};
			name = Release;
		};
		1565747824F7163200D10FD3 /* Debug */ = {
			isa = XCBuildConfiguration;
			baseConfigurationReference = 2B160DAA6D21911C2DD7E669 /* Pods-Demo.debug.xcconfig */;
			buildSettings = {
				ASSETCATALOG_COMPILER_APPICON_NAME = AppIcon;
				CODE_SIGN_STYLE = Automatic;
				DEVELOPMENT_TEAM = R97Z8MRUEH;
				INFOPLIST_FILE = "Demo/Supporting Files/Info.plist";
				IPHONEOS_DEPLOYMENT_TARGET = 12.0;
				LD_RUNPATH_SEARCH_PATHS = (
					"$(inherited)",
					"@executable_path/Frameworks",
				);
				PRODUCT_BUNDLE_IDENTIFIER = com.ORG.Demo;
				PRODUCT_NAME = "$(TARGET_NAME)";
				SWIFT_VERSION = 5.0;
				TARGETED_DEVICE_FAMILY = "1,2";
			};
			name = Debug;
		};
		1565747924F7163200D10FD3 /* Release */ = {
			isa = XCBuildConfiguration;
			baseConfigurationReference = FE92BE2720EE42F243BD2C4F /* Pods-Demo.release.xcconfig */;
			buildSettings = {
				ASSETCATALOG_COMPILER_APPICON_NAME = AppIcon;
				CODE_SIGN_STYLE = Automatic;
				DEVELOPMENT_TEAM = R97Z8MRUEH;
				INFOPLIST_FILE = "Demo/Supporting Files/Info.plist";
				IPHONEOS_DEPLOYMENT_TARGET = 12.0;
				LD_RUNPATH_SEARCH_PATHS = (
					"$(inherited)",
					"@executable_path/Frameworks",
				);
				PRODUCT_BUNDLE_IDENTIFIER = com.ORG.Demo;
				PRODUCT_NAME = "$(TARGET_NAME)";
				SWIFT_VERSION = 5.0;
				TARGETED_DEVICE_FAMILY = "1,2";
			};
			name = Release;
		};
		1565747B24F7163200D10FD3 /* Debug */ = {
			isa = XCBuildConfiguration;
			baseConfigurationReference = 3AC30393A66263B92695F99F /* Pods-DemoTests.debug.xcconfig */;
			buildSettings = {
				ALWAYS_EMBED_SWIFT_STANDARD_LIBRARIES = YES;
				BUNDLE_LOADER = "$(TEST_HOST)";
				CODE_SIGN_STYLE = Automatic;
				DEVELOPMENT_TEAM = R97Z8MRUEH;
				INFOPLIST_FILE = DemoTests/Info.plist;
				IPHONEOS_DEPLOYMENT_TARGET = 13.6;
				LD_RUNPATH_SEARCH_PATHS = (
					"$(inherited)",
					"@executable_path/Frameworks",
					"@loader_path/Frameworks",
				);
				PRODUCT_BUNDLE_IDENTIFIER = com.ORG.DemoTests;
				PRODUCT_NAME = "$(TARGET_NAME)";
				SWIFT_VERSION = 5.0;
				TARGETED_DEVICE_FAMILY = "1,2";
				TEST_HOST = "$(BUILT_PRODUCTS_DIR)/Demo.app/Demo";
			};
			name = Debug;
		};
		1565747C24F7163200D10FD3 /* Release */ = {
			isa = XCBuildConfiguration;
			baseConfigurationReference = D01BC357EA74367D633D2E6F /* Pods-DemoTests.release.xcconfig */;
			buildSettings = {
				ALWAYS_EMBED_SWIFT_STANDARD_LIBRARIES = YES;
				BUNDLE_LOADER = "$(TEST_HOST)";
				CODE_SIGN_STYLE = Automatic;
				DEVELOPMENT_TEAM = R97Z8MRUEH;
				INFOPLIST_FILE = DemoTests/Info.plist;
				IPHONEOS_DEPLOYMENT_TARGET = 13.6;
				LD_RUNPATH_SEARCH_PATHS = (
					"$(inherited)",
					"@executable_path/Frameworks",
					"@loader_path/Frameworks",
				);
				PRODUCT_BUNDLE_IDENTIFIER = com.ORG.DemoTests;
				PRODUCT_NAME = "$(TARGET_NAME)";
				SWIFT_VERSION = 5.0;
				TARGETED_DEVICE_FAMILY = "1,2";
				TEST_HOST = "$(BUILT_PRODUCTS_DIR)/Demo.app/Demo";
			};
			name = Release;
		};
		1565747E24F7163200D10FD3 /* Debug */ = {
			isa = XCBuildConfiguration;
			baseConfigurationReference = CDC38181A3CB97C2DE41899F /* Pods-Demo-DemoUITests.debug.xcconfig */;
			buildSettings = {
				ALWAYS_EMBED_SWIFT_STANDARD_LIBRARIES = YES;
				CODE_SIGN_STYLE = Automatic;
				DEVELOPMENT_TEAM = R97Z8MRUEH;
				INFOPLIST_FILE = DemoUITests/Info.plist;
				LD_RUNPATH_SEARCH_PATHS = (
					"$(inherited)",
					"@executable_path/Frameworks",
					"@loader_path/Frameworks",
				);
				PRODUCT_BUNDLE_IDENTIFIER = com.ORG.DemoUITests;
				PRODUCT_NAME = "$(TARGET_NAME)";
				SWIFT_VERSION = 5.0;
				TARGETED_DEVICE_FAMILY = "1,2";
				TEST_TARGET_NAME = Demo;
			};
			name = Debug;
		};
		1565747F24F7163200D10FD3 /* Release */ = {
			isa = XCBuildConfiguration;
			baseConfigurationReference = 24A105454C24AF2F6A86A007 /* Pods-Demo-DemoUITests.release.xcconfig */;
			buildSettings = {
				ALWAYS_EMBED_SWIFT_STANDARD_LIBRARIES = YES;
				CODE_SIGN_STYLE = Automatic;
				DEVELOPMENT_TEAM = R97Z8MRUEH;
				INFOPLIST_FILE = DemoUITests/Info.plist;
				LD_RUNPATH_SEARCH_PATHS = (
					"$(inherited)",
					"@executable_path/Frameworks",
					"@loader_path/Frameworks",
				);
				PRODUCT_BUNDLE_IDENTIFIER = com.ORG.DemoUITests;
				PRODUCT_NAME = "$(TARGET_NAME)";
				SWIFT_VERSION = 5.0;
				TARGETED_DEVICE_FAMILY = "1,2";
				TEST_TARGET_NAME = Demo;
			};
			name = Release;
		};
/* End XCBuildConfiguration section */

/* Begin XCConfigurationList section */
		1565744824F7162F00D10FD3 /* Build configuration list for PBXProject "Demo" */ = {
			isa = XCConfigurationList;
			buildConfigurations = (
				1565747524F7163200D10FD3 /* Debug */,
				1565747624F7163200D10FD3 /* Release */,
			);
			defaultConfigurationIsVisible = 0;
			defaultConfigurationName = Release;
		};
		1565747724F7163200D10FD3 /* Build configuration list for PBXNativeTarget "Demo" */ = {
			isa = XCConfigurationList;
			buildConfigurations = (
				1565747824F7163200D10FD3 /* Debug */,
				1565747924F7163200D10FD3 /* Release */,
			);
			defaultConfigurationIsVisible = 0;
			defaultConfigurationName = Release;
		};
		1565747A24F7163200D10FD3 /* Build configuration list for PBXNativeTarget "DemoTests" */ = {
			isa = XCConfigurationList;
			buildConfigurations = (
				1565747B24F7163200D10FD3 /* Debug */,
				1565747C24F7163200D10FD3 /* Release */,
			);
			defaultConfigurationIsVisible = 0;
			defaultConfigurationName = Release;
		};
		1565747D24F7163200D10FD3 /* Build configuration list for PBXNativeTarget "DemoUITests" */ = {
			isa = XCConfigurationList;
			buildConfigurations = (
				1565747E24F7163200D10FD3 /* Debug */,
				1565747F24F7163200D10FD3 /* Release */,
			);
			defaultConfigurationIsVisible = 0;
			defaultConfigurationName = Release;
		};
/* End XCConfigurationList section */
	};
	rootObject = 1565744524F7162F00D10FD3 /* Project object */;
}
